// !$*UTF8*$!
{
	archiveVersion = 1;
	classes = {
	};
	objectVersion = 46;
	objects = {

/* Begin PBXBuildFile section */
		BCF2A7C51DFAE86800B0F293 /* AppDelegate.swift in Sources */ = {isa = PBXBuildFile; fileRef = BCF2A7C41DFAE86800B0F293 /* AppDelegate.swift */; };
		BCF2A7C71DFAE86800B0F293 /* Assets.xcassets in Resources */ = {isa = PBXBuildFile; fileRef = BCF2A7C61DFAE86800B0F293 /* Assets.xcassets */; };
		BCF2A7CA1DFAE86800B0F293 /* MainMenu.xib in Resources */ = {isa = PBXBuildFile; fileRef = BCF2A7C81DFAE86800B0F293 /* MainMenu.xib */; };
/* End PBXBuildFile section */

/* Begin PBXFileReference section */
		BCF2A7C11DFAE86800B0F293 /* Flickalz.app */ = {isa = PBXFileReference; explicitFileType = wrapper.application; includeInIndex = 0; path = Flickalz.app; sourceTree = BUILT_PRODUCTS_DIR; };
		BCF2A7C41DFAE86800B0F293 /* AppDelegate.swift */ = {isa = PBXFileReference; lastKnownFileType = sourcecode.swift; path = AppDelegate.swift; sourceTree = "<group>"; };
		BCF2A7C61DFAE86800B0F293 /* Assets.xcassets */ = {isa = PBXFileReference; lastKnownFileType = folder.assetcatalog; path = Assets.xcassets; sourceTree = "<group>"; };
		BCF2A7C91DFAE86800B0F293 /* Base */ = {isa = PBXFileReference; lastKnownFileType = file.xib; name = Base; path = Base.lproj/MainMenu.xib; sourceTree = "<group>"; };
		BCF2A7CB1DFAE86800B0F293 /* Info.plist */ = {isa = PBXFileReference; lastKnownFileType = text.plist.xml; path = Info.plist; sourceTree = "<group>"; };
/* End PBXFileReference section */

/* Begin PBXFrameworksBuildPhase section */
		BCF2A7BE1DFAE86800B0F293 /* Frameworks */ = {
			isa = PBXFrameworksBuildPhase;
			buildActionMask = 2147483647;
			files = (
			);
			runOnlyForDeploymentPostprocessing = 0;
		};
/* End PBXFrameworksBuildPhase section */

/* Begin PBXGroup section */
		BCF2A7B81DFAE86800B0F293 = {
			isa = PBXGroup;
			children = (
				BCF2A7C31DFAE86800B0F293 /* Flickalz */,
				BCF2A7C21DFAE86800B0F293 /* Products */,
			);
			sourceTree = "<group>";
		};
		BCF2A7C21DFAE86800B0F293 /* Products */ = {
			isa = PBXGroup;
			children = (
				BCF2A7C11DFAE86800B0F293 /* Flickalz.app */,
			);
			name = Products;
			sourceTree = "<group>";
		};
		BCF2A7C31DFAE86800B0F293 /* Flickalz */ = {
			isa = PBXGroup;
			children = (
				BCF2A7C41DFAE86800B0F293 /* AppDelegate.swift */,
				BCF2A7C61DFAE86800B0F293 /* Assets.xcassets */,
				BCF2A7C81DFAE86800B0F293 /* MainMenu.xib */,
				BCF2A7CB1DFAE86800B0F293 /* Info.plist */,
			);
			path = Flickalz;
			sourceTree = "<group>";
		};
/* End PBXGroup section */

/* Begin PBXNativeTarget section */
		BCF2A7C01DFAE86800B0F293 /* Flickalz */ = {
			isa = PBXNativeTarget;
			buildConfigurationList = BCF2A7CE1DFAE86800B0F293 /* Build configuration list for PBXNativeTarget "Flickalz" */;
			buildPhases = (
				BCF2A7BD1DFAE86800B0F293 /* Sources */,
				BCF2A7BE1DFAE86800B0F293 /* Frameworks */,
				BCF2A7BF1DFAE86800B0F293 /* Resources */,
			);
			buildRules = (
			);
			dependencies = (
			);
			name = Flickalz;
			productName = Flickalz;
			productReference = BCF2A7C11DFAE86800B0F293 /* Flickalz.app */;
			productType = "com.apple.product-type.application";
		};
/* End PBXNativeTarget section */

/* Begin PBXProject section */
		BCF2A7B91DFAE86800B0F293 /* Project object */ = {
			isa = PBXProject;
			attributes = {
				LastSwiftUpdateCheck = 0810;
				LastUpgradeCheck = 0810;
				ORGANIZATIONNAME = vu.co.kaiyin;
				TargetAttributes = {
					BCF2A7C01DFAE86800B0F293 = {
						CreatedOnToolsVersion = 8.1;
						DevelopmentTeam = JD7VL34536;
						ProvisioningStyle = Automatic;
					};
				};
			};
			buildConfigurationList = BCF2A7BC1DFAE86800B0F293 /* Build configuration list for PBXProject "Flickalz" */;
			compatibilityVersion = "Xcode 3.2";
			developmentRegion = English;
			hasScannedForEncodings = 0;
			knownRegions = (
				en,
				Base,
			);
			mainGroup = BCF2A7B81DFAE86800B0F293;
			productRefGroup = BCF2A7C21DFAE86800B0F293 /* Products */;
			projectDirPath = "";
			projectRoot = "";
			targets = (
				BCF2A7C01DFAE86800B0F293 /* Flickalz */,
			);
		};
/* End PBXProject section */

/* Begin PBXResourcesBuildPhase section */
		BCF2A7BF1DFAE86800B0F293 /* Resources */ = {
			isa = PBXResourcesBuildPhase;
			buildActionMask = 2147483647;
			files = (
				BCF2A7C71DFAE86800B0F293 /* Assets.xcassets in Resources */,
				BCF2A7CA1DFAE86800B0F293 /* MainMenu.xib in Resources */,
			);
			runOnlyForDeploymentPostprocessing = 0;
		};
/* End PBXResourcesBuildPhase section */

/* Begin PBXSourcesBuildPhase section */
		BCF2A7BD1DFAE86800B0F293 /* Sources */ = {
			isa = PBXSourcesBuildPhase;
			buildActionMask = 2147483647;
			files = (
				BCF2A7C51DFAE86800B0F293 /* AppDelegate.swift in Sources */,
			);
			runOnlyForDeploymentPostprocessing = 0;
		};
/* End PBXSourcesBuildPhase section */

/* Begin PBXVariantGroup section */
		BCF2A7C81DFAE86800B0F293 /* MainMenu.xib */ = {
			isa = PBXVariantGroup;
			children = (
				BCF2A7C91DFAE86800B0F293 /* Base */,
			);
			name = MainMenu.xib;
			sourceTree = "<group>";
		};
/* End PBXVariantGroup section */

/* Begin XCBuildConfiguration section */
		BCF2A7CC1DFAE86800B0F293 /* Debug */ = {
			isa = XCBuildConfiguration;
			buildSettings = {
				ALWAYS_SEARCH_USER_PATHS = NO;
				CLANG_ANALYZER_NONNULL = YES;
				CLANG_CXX_LANGUAGE_STANDARD = "gnu++0x";
				CLANG_CXX_LIBRARY = "libc++";
				CLANG_ENABLE_MODULES = YES;
				CLANG_ENABLE_OBJC_ARC = YES;
				CLANG_WARN_BOOL_CONVERSION = YES;
				CLANG_WARN_CONSTANT_CONVERSION = YES;
				CLANG_WARN_DIRECT_OBJC_ISA_USAGE = YES_ERROR;
				CLANG_WARN_DOCUMENTATION_COMMENTS = YES;
				CLANG_WARN_EMPTY_BODY = YES;
				CLANG_WARN_ENUM_CONVERSION = YES;
				CLANG_WARN_INFINITE_RECURSION = YES;
				CLANG_WARN_INT_CONVERSION = YES;
				CLANG_WARN_OBJC_ROOT_CLASS = YES_ERROR;
				CLANG_WARN_SUSPICIOUS_MOVES = YES;
				CLANG_WARN_UNREACHABLE_CODE = YES;
				CLANG_WARN__DUPLICATE_METHOD_MATCH = YES;
				CODE_SIGN_IDENTITY = "-";
				COPY_PHASE_STRIP = NO;
				DEBUG_INFORMATION_FORMAT = dwarf;
				ENABLE_STRICT_OBJC_MSGSEND = YES;
				ENABLE_TESTABILITY = YES;
				GCC_C_LANGUAGE_STANDARD = gnu99;
				GCC_DYNAMIC_NO_PIC = NO;
				GCC_NO_COMMON_BLOCKS = YES;
				GCC_OPTIMIZATION_LEVEL = 0;
				GCC_PREPROCESSOR_DEFINITIONS = (
					"DEBUG=1",
					"$(inherited)",
				);
				GCC_WARN_64_TO_32_BIT_CONVERSION = YES;
				GCC_WARN_ABOUT_RETURN_TYPE = YES_ERROR;
				GCC_WARN_UNDECLARED_SELECTOR = YES;
				GCC_WARN_UNINITIALIZED_AUTOS = YES_AGGRESSIVE;
				GCC_WARN_UNUSED_FUNCTION = YES;
				GCC_WARN_UNUSED_VARIABLE = YES;
				MACOSX_DEPLOYMENT_TARGET = 10.12;
				MTL_ENABLE_DEBUG_INFO = YES;
				ONLY_ACTIVE_ARCH = YES;
				SDKROOT = macosx;
				SWIFT_ACTIVE_COMPILATION_CONDITIONS = DEBUG;
				SWIFT_OPTIMIZATION_LEVEL = "-Onone";
			};
			name = Debug;
		};
		BCF2A7CD1DFAE86800B0F293 /* Release */ = {
			isa = XCBuildConfiguration;
			buildSettings = {
				ALWAYS_SEARCH_USER_PATHS = NO;
				CLANG_ANALYZER_NONNULL = YES;
				CLANG_CXX_LANGUAGE_STANDARD = "gnu++0x";
				CLANG_CXX_LIBRARY = "libc++";
				CLANG_ENABLE_MODULES = YES;
				CLANG_ENABLE_OBJC_ARC = YES;
				CLANG_WARN_BOOL_CONVERSION = YES;
				CLANG_WARN_CONSTANT_CONVERSION = YES;
				CLANG_WARN_DIRECT_OBJC_ISA_USAGE = YES_ERROR;
				CLANG_WARN_DOCUMENTATION_COMMENTS = YES;
				CLANG_WARN_EMPTY_BODY = YES;
				CLANG_WARN_ENUM_CONVERSION = YES;
				CLANG_WARN_INFINITE_RECURSION = YES;
				CLANG_WARN_INT_CONVERSION = YES;
				CLANG_WARN_OBJC_ROOT_CLASS = YES_ERROR;
				CLANG_WARN_SUSPICIOUS_MOVES = YES;
				CLANG_WARN_UNREACHABLE_CODE = YES;
				CLANG_WARN__DUPLICATE_METHOD_MATCH = YES;
				CODE_SIGN_IDENTITY = "-";
				COPY_PHASE_STRIP = NO;
				DEBUG_INFORMATION_FORMAT = "dwarf-with-dsym";
				ENABLE_NS_ASSERTIONS = NO;
				ENABLE_STRICT_OBJC_MSGSEND = YES;
				GCC_C_LANGUAGE_STANDARD = gnu99;
				GCC_NO_COMMON_BLOCKS = YES;
				GCC_WARN_64_TO_32_BIT_CONVERSION = YES;
				GCC_WARN_ABOUT_RETURN_TYPE = YES_ERROR;
				GCC_WARN_UNDECLARED_SELECTOR = YES;
				GCC_WARN_UNINITIALIZED_AUTOS = YES_AGGRESSIVE;
				GCC_WARN_UNUSED_FUNCTION = YES;
				GCC_WARN_UNUSED_VARIABLE = YES;
				MACOSX_DEPLOYMENT_TARGET = 10.12;
				MTL_ENABLE_DEBUG_INFO = NO;
				SDKROOT = macosx;
				SWIFT_OPTIMIZATION_LEVEL = "-Owholemodule";
			};
			name = Release;
		};
		BCF2A7CF1DFAE86800B0F293 /* Debug */ = {
			isa = XCBuildConfiguration;
			buildSettings = {
				ASSETCATALOG_COMPILER_APPICON_NAME = AppIcon;
				COMBINE_HIDPI_IMAGES = YES;
				DEVELOPMENT_TEAM = JD7VL34536;
				INFOPLIST_FILE = Flickalz/Info.plist;
				LD_RUNPATH_SEARCH_PATHS = "$(inherited) @executable_path/../Frameworks";
				PRODUCT_BUNDLE_IDENTIFIER = vu.co.kaiyin.Flickalz;
				PRODUCT_NAME = "$(TARGET_NAME)";
				SWIFT_VERSION = 3.0;
			};
			name = Debug;
		};
		BCF2A7D01DFAE86800B0F293 /* Release */ = {
			isa = XCBuildConfiguration;
			buildSettings = {
				ASSETCATALOG_COMPILER_APPICON_NAME = AppIcon;
				COMBINE_HIDPI_IMAGES = YES;
				DEVELOPMENT_TEAM = JD7VL34536;
				INFOPLIST_FILE = Flickalz/Info.plist;
				LD_RUNPATH_SEARCH_PATHS = "$(inherited) @executable_path/../Frameworks";
				PRODUCT_BUNDLE_IDENTIFIER = vu.co.kaiyin.Flickalz;
				PRODUCT_NAME = "$(TARGET_NAME)";
				SWIFT_VERSION = 3.0;
			};
			name = Release;
		};
/* End XCBuildConfiguration section */

/* Begin XCConfigurationList section */
		BCF2A7BC1DFAE86800B0F293 /* Build configuration list for PBXProject "Flickalz" */ = {
			isa = XCConfigurationList;
			buildConfigurations = (
				BCF2A7CC1DFAE86800B0F293 /* Debug */,
				BCF2A7CD1DFAE86800B0F293 /* Release */,
			);
			defaultConfigurationIsVisible = 0;
			defaultConfigurationName = Release;
		};
		BCF2A7CE1DFAE86800B0F293 /* Build configuration list for PBXNativeTarget "Flickalz" */ = {
			isa = XCConfigurationList;
			buildConfigurations = (
				BCF2A7CF1DFAE86800B0F293 /* Debug */,
				BCF2A7D01DFAE86800B0F293 /* Release */,
			);
			defaultConfigurationIsVisible = 0;
		};
/* End XCConfigurationList section */
	};
	rootObject = BCF2A7B91DFAE86800B0F293 /* Project object */;
}
